dependencies:
- name: bb-common
  repository: oci://registry1.dso.mil/bigbang
  version: 0.14.1
- name: kube-prometheus-stack
  repository: https://prometheus-community.github.io/helm-charts
  version: 82.10.4
- name: prometheus-snmp-exporter
  repository: https://prometheus-community.github.io/helm-charts
  version: 9.12.1
- name: prometheus-blackbox-exporter
  repository: https://prometheus-community.github.io/helm-charts
  version: 11.8.0
- name: gluon
  repository: oci://registry1.dso.mil/bigbang
  version: 0.9.8
digest: sha256:cd4f6a91b6fabfd28661140f9b988981d7bb3e12f0e2b2f124fcffa015026c23
generated: "2026-03-16T06:32:55.341514843Z"
