dependencies:
- name: kube-state-metrics
  repository: https://charts.helm.sh/stable
  version: 2.9.4
- name: prometheus-node-exporter
  repository: https://prometheus-community.github.io/helm-charts
  version: 1.12.0
- name: grafana
  repository: https://grafana.github.io/helm-charts
  version: 5.8.16
- name: bb-test-lib
  repository: oci://registry.dso.mil/platform-one/big-bang/pipeline-templates/pipeline-templates
  version: 0.5.2
- name: gluon
  repository: oci://registry.dso.mil/platform-one/big-bang/apps/library-charts/gluon
  version: 0.1.1
digest: sha256:5c2acd9d3303aa3787676f7ef7819496a653d78a6d6961a5097000fc0ce1520e
generated: "2021-05-21T11:48:30.0609485-06:00"
